
Microsoft Visual Studio Solution File, Format Version 12.00
# Visual Studio Version 16
VisualStudioVersion = 16.0.31605.320
MinimumVisualStudioVersion = 10.0.40219.1
Project("{FAE04EC0-301F-11D3-BF4B-00C04F79EFBC}") = "RestaurantRaterMVC", "RestaurantRaterMVC\RestaurantRaterMVC.csproj", "{C25F358D-027E-460D-952E-E2A176CEE2ED}"
EndProject
Global
	GlobalSection(SolutionConfigurationPlatforms) = preSolution
		Debug|Any CPU = Debug|Any CPU
		Release|Any CPU = Release|Any CPU
	EndGlobalSection
	GlobalSection(ProjectConfigurationPlatforms) = postSolution
		{C25F358D-027E-460D-952E-E2A176CEE2ED}.Debug|Any CPU.ActiveCfg = Debug|Any CPU
		{C25F358D-027E-460D-952E-E2A176CEE2ED}.Debug|Any CPU.Build.0 = Debug|Any CPU
		{C25F358D-027E-460D-952E-E2A176CEE2ED}.Release|Any CPU.ActiveCfg = Release|Any CPU
		{C25F358D-027E-460D-952E-E2A176CEE2ED}.Release|Any CPU.Build.0 = Release|Any CPU
	EndGlobalSection
	GlobalSection(SolutionProperties) = preSolution
		HideSolutionNode = FALSE
	EndGlobalSection
	GlobalSection(ExtensibilityGlobals) = postSolution
		SolutionGuid = {2AC9B91A-A8BF-4E9B-8347-130FF065D805}
	EndGlobalSection
EndGlobal
